// !$*UTF8*$!
{
	archiveVersion = 1;
	classes = {
	};
	objectVersion = 50;
	objects = {

/* Begin PBXBuildFile section */
		DE2EC80426E6902E00A5B1C4 /* ModalScreen.swift in Sources */ = {isa = PBXBuildFile; fileRef = DE2EC80326E6902E00A5B1C4 /* ModalScreen.swift */; };
		DE2EC80626E69A5000A5B1C4 /* Router.swift in Sources */ = {isa = PBXBuildFile; fileRef = DE2EC80526E69A5000A5B1C4 /* Router.swift */; };
		DE6902B326DBDACC00607901 /* DZ__1App.swift in Sources */ = {isa = PBXBuildFile; fileRef = DE6902B226DBDACC00607901 /* DZ__1App.swift */; };
		DE6902B526DBDACC00607901 /* ContentView.swift in Sources */ = {isa = PBXBuildFile; fileRef = DE6902B426DBDACC00607901 /* ContentView.swift */; };
		DE6902B726DBDACE00607901 /* Assets.xcassets in Resources */ = {isa = PBXBuildFile; fileRef = DE6902B626DBDACE00607901 /* Assets.xcassets */; };
		DE6902BA26DBDACE00607901 /* Preview Assets.xcassets in Resources */ = {isa = PBXBuildFile; fileRef = DE6902B926DBDACE00607901 /* Preview Assets.xcassets */; };
		DE6902C226DBE31D00607901 /* FirstScreen.swift in Sources */ = {isa = PBXBuildFile; fileRef = DE6902C126DBE31D00607901 /* FirstScreen.swift */; };
		DE99A6A426E55A7C006D5F0E /* SecondScreen.swift in Sources */ = {isa = PBXBuildFile; fileRef = DE99A6A326E55A7C006D5F0E /* SecondScreen.swift */; };
		DE99A6A626E55ABC006D5F0E /* ThirdScreen.swift in Sources */ = {isa = PBXBuildFile; fileRef = DE99A6A526E55ABC006D5F0E /* ThirdScreen.swift */; };
		DE9A484A26ED0CBE00A958E6 /* CustomListDetailsScreen.swift in Sources */ = {isa = PBXBuildFile; fileRef = DE9A484926ED0CBE00A958E6 /* CustomListDetailsScreen.swift */; };
		DEC7709926E923E800939961 /* CustomPickerView.swift in Sources */ = {isa = PBXBuildFile; fileRef = DEC7709826E923E800939961 /* CustomPickerView.swift */; };
		DEFA1A7926E7CAB6002B5084 /* CustomListItem.swift in Sources */ = {isa = PBXBuildFile; fileRef = DEFA1A7826E7CAB6002B5084 /* CustomListItem.swift */; };
/* End PBXBuildFile section */

/* Begin PBXFileReference section */
		DE2EC80326E6902E00A5B1C4 /* ModalScreen.swift */ = {isa = PBXFileReference; lastKnownFileType = sourcecode.swift; path = ModalScreen.swift; sourceTree = "<group>"; };
		DE2EC80526E69A5000A5B1C4 /* Router.swift */ = {isa = PBXFileReference; lastKnownFileType = sourcecode.swift; path = Router.swift; sourceTree = "<group>"; };
		DE6902AF26DBDACC00607901 /* DZ №1.app */ = {isa = PBXFileReference; explicitFileType = wrapper.application; includeInIndex = 0; path = "DZ №1.app"; sourceTree = BUILT_PRODUCTS_DIR; };
		DE6902B226DBDACC00607901 /* DZ__1App.swift */ = {isa = PBXFileReference; lastKnownFileType = sourcecode.swift; path = DZ__1App.swift; sourceTree = "<group>"; };
		DE6902B426DBDACC00607901 /* ContentView.swift */ = {isa = PBXFileReference; lastKnownFileType = sourcecode.swift; path = ContentView.swift; sourceTree = "<group>"; };
		DE6902B626DBDACE00607901 /* Assets.xcassets */ = {isa = PBXFileReference; lastKnownFileType = folder.assetcatalog; path = Assets.xcassets; sourceTree = "<group>"; };
		DE6902B926DBDACE00607901 /* Preview Assets.xcassets */ = {isa = PBXFileReference; lastKnownFileType = folder.assetcatalog; path = "Preview Assets.xcassets"; sourceTree = "<group>"; };
		DE6902BB26DBDACE00607901 /* Info.plist */ = {isa = PBXFileReference; lastKnownFileType = text.plist.xml; path = Info.plist; sourceTree = "<group>"; };
		DE6902C126DBE31D00607901 /* FirstScreen.swift */ = {isa = PBXFileReference; lastKnownFileType = sourcecode.swift; path = FirstScreen.swift; sourceTree = "<group>"; };
		DE99A6A326E55A7C006D5F0E /* SecondScreen.swift */ = {isa = PBXFileReference; lastKnownFileType = sourcecode.swift; path = SecondScreen.swift; sourceTree = "<group>"; };
		DE99A6A526E55ABC006D5F0E /* ThirdScreen.swift */ = {isa = PBXFileReference; lastKnownFileType = sourcecode.swift; path = ThirdScreen.swift; sourceTree = "<group>"; };
		DE9A484926ED0CBE00A958E6 /* CustomListDetailsScreen.swift */ = {isa = PBXFileReference; lastKnownFileType = sourcecode.swift; path = CustomListDetailsScreen.swift; sourceTree = "<group>"; };
		DEC7709826E923E800939961 /* CustomPickerView.swift */ = {isa = PBXFileReference; lastKnownFileType = sourcecode.swift; path = CustomPickerView.swift; sourceTree = "<group>"; };
		DEFA1A7826E7CAB6002B5084 /* CustomListItem.swift */ = {isa = PBXFileReference; lastKnownFileType = sourcecode.swift; path = CustomListItem.swift; sourceTree = "<group>"; };
/* End PBXFileReference section */

/* Begin PBXFrameworksBuildPhase section */
		DE6902AC26DBDACC00607901 /* Frameworks */ = {
			isa = PBXFrameworksBuildPhase;
			buildActionMask = 2147483647;
			files = (
			);
			runOnlyForDeploymentPostprocessing = 0;
		};
/* End PBXFrameworksBuildPhase section */

/* Begin PBXGroup section */
		DE6902A626DBDACC00607901 = {
			isa = PBXGroup;
			children = (
				DE6902B126DBDACC00607901 /* DZ №1 */,
				DE6902B026DBDACC00607901 /* Products */,
			);
			sourceTree = "<group>";
		};
		DE6902B026DBDACC00607901 /* Products */ = {
			isa = PBXGroup;
			children = (
				DE6902AF26DBDACC00607901 /* DZ №1.app */,
			);
			name = Products;
			sourceTree = "<group>";
		};
		DE6902B126DBDACC00607901 /* DZ №1 */ = {
			isa = PBXGroup;
			children = (
				DE6902B226DBDACC00607901 /* DZ__1App.swift */,
				DE6902B426DBDACC00607901 /* ContentView.swift */,
				DEFA1A7B26E7CB05002B5084 /* Screens */,
				DEFA1A7A26E7CAF1002B5084 /* Models */,
				DE2EC80526E69A5000A5B1C4 /* Router.swift */,
				DEC7709826E923E800939961 /* CustomPickerView.swift */,
				DE6902B626DBDACE00607901 /* Assets.xcassets */,
				DE6902BB26DBDACE00607901 /* Info.plist */,
				DE6902B826DBDACE00607901 /* Preview Content */,
			);
			path = "DZ №1";
			sourceTree = "<group>";
		};
		DE6902B826DBDACE00607901 /* Preview Content */ = {
			isa = PBXGroup;
			children = (
				DE6902B926DBDACE00607901 /* Preview Assets.xcassets */,
			);
			path = "Preview Content";
			sourceTree = "<group>";
		};
		DEFA1A7A26E7CAF1002B5084 /* Models */ = {
			isa = PBXGroup;
			children = (
				DEFA1A7826E7CAB6002B5084 /* CustomListItem.swift */,
			);
			path = Models;
			sourceTree = "<group>";
		};
		DEFA1A7B26E7CB05002B5084 /* Screens */ = {
			isa = PBXGroup;
			children = (
				DE6902C126DBE31D00607901 /* FirstScreen.swift */,
				DE99A6A326E55A7C006D5F0E /* SecondScreen.swift */,
				DE99A6A526E55ABC006D5F0E /* ThirdScreen.swift */,
				DE2EC80326E6902E00A5B1C4 /* ModalScreen.swift */,
				DE9A484926ED0CBE00A958E6 /* CustomListDetailsScreen.swift */,
			);
			path = Screens;
			sourceTree = "<group>";
		};
/* End PBXGroup section */

/* Begin PBXNativeTarget section */
		DE6902AE26DBDACC00607901 /* DZ №1 */ = {
			isa = PBXNativeTarget;
			buildConfigurationList = DE6902BE26DBDACE00607901 /* Build configuration list for PBXNativeTarget "DZ №1" */;
			buildPhases = (
				DE6902AB26DBDACC00607901 /* Sources */,
				DE6902AC26DBDACC00607901 /* Frameworks */,
				DE6902AD26DBDACC00607901 /* Resources */,
			);
			buildRules = (
			);
			dependencies = (
			);
			name = "DZ №1";
			productName = "DZ №1";
			productReference = DE6902AF26DBDACC00607901 /* DZ №1.app */;
			productType = "com.apple.product-type.application";
		};
/* End PBXNativeTarget section */

/* Begin PBXProject section */
		DE6902A726DBDACC00607901 /* Project object */ = {
			isa = PBXProject;
			attributes = {
				LastSwiftUpdateCheck = 1250;
				LastUpgradeCheck = 1250;
				TargetAttributes = {
					DE6902AE26DBDACC00607901 = {
						CreatedOnToolsVersion = 12.5.1;
					};
				};
			};
			buildConfigurationList = DE6902AA26DBDACC00607901 /* Build configuration list for PBXProject "DZ №1" */;
			compatibilityVersion = "Xcode 9.3";
			developmentRegion = en;
			hasScannedForEncodings = 0;
			knownRegions = (
				en,
				Base,
			);
			mainGroup = DE6902A626DBDACC00607901;
			productRefGroup = DE6902B026DBDACC00607901 /* Products */;
			projectDirPath = "";
			projectRoot = "";
			targets = (
				DE6902AE26DBDACC00607901 /* DZ №1 */,
			);
		};
/* End PBXProject section */

/* Begin PBXResourcesBuildPhase section */
		DE6902AD26DBDACC00607901 /* Resources */ = {
			isa = PBXResourcesBuildPhase;
			buildActionMask = 2147483647;
			files = (
				DE6902BA26DBDACE00607901 /* Preview Assets.xcassets in Resources */,
				DE6902B726DBDACE00607901 /* Assets.xcassets in Resources */,
			);
			runOnlyForDeploymentPostprocessing = 0;
		};
/* End PBXResourcesBuildPhase section */

/* Begin PBXSourcesBuildPhase section */
		DE6902AB26DBDACC00607901 /* Sources */ = {
			isa = PBXSourcesBuildPhase;
			buildActionMask = 2147483647;
			files = (
				DE6902B526DBDACC00607901 /* ContentView.swift in Sources */,
				DE99A6A426E55A7C006D5F0E /* SecondScreen.swift in Sources */,
				DE99A6A626E55ABC006D5F0E /* ThirdScreen.swift in Sources */,
				DE2EC80626E69A5000A5B1C4 /* Router.swift in Sources */,
				DE2EC80426E6902E00A5B1C4 /* ModalScreen.swift in Sources */,
				DEFA1A7926E7CAB6002B5084 /* CustomListItem.swift in Sources */,
				DEC7709926E923E800939961 /* CustomPickerView.swift in Sources */,
				DE6902B326DBDACC00607901 /* DZ__1App.swift in Sources */,
				DE6902C226DBE31D00607901 /* FirstScreen.swift in Sources */,
				DE9A484A26ED0CBE00A958E6 /* CustomListDetailsScreen.swift in Sources */,
			);
			runOnlyForDeploymentPostprocessing = 0;
		};
/* End PBXSourcesBuildPhase section */

/* Begin XCBuildConfiguration section */
		DE6902BC26DBDACE00607901 /* Debug */ = {
			isa = XCBuildConfiguration;
			buildSettings = {
				ALWAYS_SEARCH_USER_PATHS = NO;
				CLANG_ANALYZER_NONNULL = YES;
				CLANG_ANALYZER_NUMBER_OBJECT_CONVERSION = YES_AGGRESSIVE;
				CLANG_CXX_LANGUAGE_STANDARD = "gnu++14";
				CLANG_CXX_LIBRARY = "libc++";
				CLANG_ENABLE_MODULES = YES;
				CLANG_ENABLE_OBJC_ARC = YES;
				CLANG_ENABLE_OBJC_WEAK = YES;
				CLANG_WARN_BLOCK_CAPTURE_AUTORELEASING = YES;
				CLANG_WARN_BOOL_CONVERSION = YES;
				CLANG_WARN_COMMA = YES;
				CLANG_WARN_CONSTANT_CONVERSION = YES;
				CLANG_WARN_DEPRECATED_OBJC_IMPLEMENTATIONS = YES;
				CLANG_WARN_DIRECT_OBJC_ISA_USAGE = YES_ERROR;
				CLANG_WARN_DOCUMENTATION_COMMENTS = YES;
				CLANG_WARN_EMPTY_BODY = YES;
				CLANG_WARN_ENUM_CONVERSION = YES;
				CLANG_WARN_INFINITE_RECURSION = YES;
				CLANG_WARN_INT_CONVERSION = YES;
				CLANG_WARN_NON_LITERAL_NULL_CONVERSION = YES;
				CLANG_WARN_OBJC_IMPLICIT_RETAIN_SELF = YES;
				CLANG_WARN_OBJC_LITERAL_CONVERSION = YES;
				CLANG_WARN_OBJC_ROOT_CLASS = YES_ERROR;
				CLANG_WARN_QUOTED_INCLUDE_IN_FRAMEWORK_HEADER = YES;
				CLANG_WARN_RANGE_LOOP_ANALYSIS = YES;
				CLANG_WARN_STRICT_PROTOTYPES = YES;
				CLANG_WARN_SUSPICIOUS_MOVE = YES;
				CLANG_WARN_UNGUARDED_AVAILABILITY = YES_AGGRESSIVE;
				CLANG_WARN_UNREACHABLE_CODE = YES;
				CLANG_WARN__DUPLICATE_METHOD_MATCH = YES;
				COPY_PHASE_STRIP = NO;
				DEBUG_INFORMATION_FORMAT = dwarf;
				ENABLE_STRICT_OBJC_MSGSEND = YES;
				ENABLE_TESTABILITY = YES;
				GCC_C_LANGUAGE_STANDARD = gnu11;
				GCC_DYNAMIC_NO_PIC = NO;
				GCC_NO_COMMON_BLOCKS = YES;
				GCC_OPTIMIZATION_LEVEL = 0;
				GCC_PREPROCESSOR_DEFINITIONS = (
					"DEBUG=1",
					"$(inherited)",
				);
				GCC_WARN_64_TO_32_BIT_CONVERSION = YES;
				GCC_WARN_ABOUT_RETURN_TYPE = YES_ERROR;
				GCC_WARN_UNDECLARED_SELECTOR = YES;
				GCC_WARN_UNINITIALIZED_AUTOS = YES_AGGRESSIVE;
				GCC_WARN_UNUSED_FUNCTION = YES;
				GCC_WARN_UNUSED_VARIABLE = YES;
				IPHONEOS_DEPLOYMENT_TARGET = 14.5;
				MTL_ENABLE_DEBUG_INFO = INCLUDE_SOURCE;
				MTL_FAST_MATH = YES;
				ONLY_ACTIVE_ARCH = YES;
				SDKROOT = iphoneos;
				SWIFT_ACTIVE_COMPILATION_CONDITIONS = DEBUG;
				SWIFT_OPTIMIZATION_LEVEL = "-Onone";
			};
			name = Debug;
		};
		DE6902BD26DBDACE00607901 /* Release */ = {
			isa = XCBuildConfiguration;
			buildSettings = {
				ALWAYS_SEARCH_USER_PATHS = NO;
				CLANG_ANALYZER_NONNULL = YES;
				CLANG_ANALYZER_NUMBER_OBJECT_CONVERSION = YES_AGGRESSIVE;
				CLANG_CXX_LANGUAGE_STANDARD = "gnu++14";
				CLANG_CXX_LIBRARY = "libc++";
				CLANG_ENABLE_MODULES = YES;
				CLANG_ENABLE_OBJC_ARC = YES;
				CLANG_ENABLE_OBJC_WEAK = YES;
				CLANG_WARN_BLOCK_CAPTURE_AUTORELEASING = YES;
				CLANG_WARN_BOOL_CONVERSION = YES;
				CLANG_WARN_COMMA = YES;
				CLANG_WARN_CONSTANT_CONVERSION = YES;
				CLANG_WARN_DEPRECATED_OBJC_IMPLEMENTATIONS = YES;
				CLANG_WARN_DIRECT_OBJC_ISA_USAGE = YES_ERROR;
				CLANG_WARN_DOCUMENTATION_COMMENTS = YES;
				CLANG_WARN_EMPTY_BODY = YES;
				CLANG_WARN_ENUM_CONVERSION = YES;
				CLANG_WARN_INFINITE_RECURSION = YES;
				CLANG_WARN_INT_CONVERSION = YES;
				CLANG_WARN_NON_LITERAL_NULL_CONVERSION = YES;
				CLANG_WARN_OBJC_IMPLICIT_RETAIN_SELF = YES;
				CLANG_WARN_OBJC_LITERAL_CONVERSION = YES;
				CLANG_WARN_OBJC_ROOT_CLASS = YES_ERROR;
				CLANG_WARN_QUOTED_INCLUDE_IN_FRAMEWORK_HEADER = YES;
				CLANG_WARN_RANGE_LOOP_ANALYSIS = YES;
				CLANG_WARN_STRICT_PROTOTYPES = YES;
				CLANG_WARN_SUSPICIOUS_MOVE = YES;
				CLANG_WARN_UNGUARDED_AVAILABILITY = YES_AGGRESSIVE;
				CLANG_WARN_UNREACHABLE_CODE = YES;
				CLANG_WARN__DUPLICATE_METHOD_MATCH = YES;
				COPY_PHASE_STRIP = NO;
				DEBUG_INFORMATION_FORMAT = "dwarf-with-dsym";
				ENABLE_NS_ASSERTIONS = NO;
				ENABLE_STRICT_OBJC_MSGSEND = YES;
				GCC_C_LANGUAGE_STANDARD = gnu11;
				GCC_NO_COMMON_BLOCKS = YES;
				GCC_WARN_64_TO_32_BIT_CONVERSION = YES;
				GCC_WARN_ABOUT_RETURN_TYPE = YES_ERROR;
				GCC_WARN_UNDECLARED_SELECTOR = YES;
				GCC_WARN_UNINITIALIZED_AUTOS = YES_AGGRESSIVE;
				GCC_WARN_UNUSED_FUNCTION = YES;
				GCC_WARN_UNUSED_VARIABLE = YES;
				IPHONEOS_DEPLOYMENT_TARGET = 14.5;
				MTL_ENABLE_DEBUG_INFO = NO;
				MTL_FAST_MATH = YES;
				SDKROOT = iphoneos;
				SWIFT_COMPILATION_MODE = wholemodule;
				SWIFT_OPTIMIZATION_LEVEL = "-O";
				VALIDATE_PRODUCT = YES;
			};
			name = Release;
		};
		DE6902BF26DBDACE00607901 /* Debug */ = {
			isa = XCBuildConfiguration;
			buildSettings = {
				ASSETCATALOG_COMPILER_APPICON_NAME = AppIcon;
				ASSETCATALOG_COMPILER_GLOBAL_ACCENT_COLOR_NAME = AccentColor;
				CODE_SIGN_STYLE = Automatic;
				DEVELOPMENT_ASSET_PATHS = "\"DZ №1/Preview Content\"";
				DEVELOPMENT_TEAM = 6UN4892VFR;
				ENABLE_PREVIEWS = YES;
				INFOPLIST_FILE = "DZ №1/Info.plist";
				IPHONEOS_DEPLOYMENT_TARGET = 14.0;
				LD_RUNPATH_SEARCH_PATHS = (
					"$(inherited)",
					"@executable_path/Frameworks",
				);
				PRODUCT_BUNDLE_IDENTIFIER = "com.egm.DZ--1";
				PRODUCT_NAME = "$(TARGET_NAME)";
				SWIFT_VERSION = 5.0;
				TARGETED_DEVICE_FAMILY = "1,2";
			};
			name = Debug;
		};
		DE6902C026DBDACE00607901 /* Release */ = {
			isa = XCBuildConfiguration;
			buildSettings = {
				ASSETCATALOG_COMPILER_APPICON_NAME = AppIcon;
				ASSETCATALOG_COMPILER_GLOBAL_ACCENT_COLOR_NAME = AccentColor;
				CODE_SIGN_STYLE = Automatic;
				DEVELOPMENT_ASSET_PATHS = "\"DZ №1/Preview Content\"";
				DEVELOPMENT_TEAM = 6UN4892VFR;
				ENABLE_PREVIEWS = YES;
				INFOPLIST_FILE = "DZ №1/Info.plist";
				IPHONEOS_DEPLOYMENT_TARGET = 14.0;
				LD_RUNPATH_SEARCH_PATHS = (
					"$(inherited)",
					"@executable_path/Frameworks",
				);
				PRODUCT_BUNDLE_IDENTIFIER = "com.egm.DZ--1";
				PRODUCT_NAME = "$(TARGET_NAME)";
				SWIFT_VERSION = 5.0;
				TARGETED_DEVICE_FAMILY = "1,2";
			};
			name = Release;
		};
/* End XCBuildConfiguration section */

/* Begin XCConfigurationList section */
		DE6902AA26DBDACC00607901 /* Build configuration list for PBXProject "DZ №1" */ = {
			isa = XCConfigurationList;
			buildConfigurations = (
				DE6902BC26DBDACE00607901 /* Debug */,
				DE6902BD26DBDACE00607901 /* Release */,
			);
			defaultConfigurationIsVisible = 0;
			defaultConfigurationName = Release;
		};
		DE6902BE26DBDACE00607901 /* Build configuration list for PBXNativeTarget "DZ №1" */ = {
			isa = XCConfigurationList;
			buildConfigurations = (
				DE6902BF26DBDACE00607901 /* Debug */,
				DE6902C026DBDACE00607901 /* Release */,
			);
			defaultConfigurationIsVisible = 0;
			defaultConfigurationName = Release;
		};
/* End XCConfigurationList section */
	};
	rootObject = DE6902A726DBDACC00607901 /* Project object */;
}
